
Microsoft Visual Studio Solution File, Format Version 12.00
# Visual Studio 15
VisualStudioVersion = 15.0.28307.168
MinimumVisualStudioVersion = 10.0.40219.1
Project("{FAE04EC0-301F-11D3-BF4B-00C04F79EFBC}") = "shortstring", "changetext\shortstring.csproj", "{6C23F086-8FBB-4BC7-9200-6DE4F28BFF12}"
EndProject
Global
	GlobalSection(SolutionConfigurationPlatforms) = preSolution
		Debug|Any CPU = Debug|Any CPU
		Release|Any CPU = Release|Any CPU
	EndGlobalSection
	GlobalSection(ProjectConfigurationPlatforms) = postSolution
		{6C23F086-8FBB-4BC7-9200-6DE4F28BFF12}.Debug|Any CPU.ActiveCfg = Debug|Any CPU
		{6C23F086-8FBB-4BC7-9200-6DE4F28BFF12}.Debug|Any CPU.Build.0 = Debug|Any CPU
		{6C23F086-8FBB-4BC7-9200-6DE4F28BFF12}.Release|Any CPU.ActiveCfg = Release|Any CPU
		{6C23F086-8FBB-4BC7-9200-6DE4F28BFF12}.Release|Any CPU.Build.0 = Release|Any CPU
	EndGlobalSection
	GlobalSection(SolutionProperties) = preSolution
		HideSolutionNode = FALSE
	EndGlobalSection
	GlobalSection(ExtensibilityGlobals) = postSolution
		SolutionGuid = {20B16C05-E9BF-4048-90B7-AFCA2A68917A}
	EndGlobalSection
EndGlobal
